// !$*UTF8*$!
{
	archiveVersion = 1;
	classes = {
	};
	objectVersion = 51;
	objects = {

/* Begin PBXBuildFile section */
		453600902E43EE161C17E44A /* Pods_cropTriage.framework in Frameworks */ = {isa = PBXBuildFile; fileRef = EF0EBEA5320D00EF79A5EE13 /* Pods_cropTriage.framework */; };
		B81A4BA02546002A0087C4F9 /* droneViewMapDelegate.swift in Sources */ = {isa = PBXBuildFile; fileRef = B81A4B9F2546002A0087C4F9 /* droneViewMapDelegate.swift */; };
		B81EC625252016BF003A602F /* MenuViewController.swift in Sources */ = {isa = PBXBuildFile; fileRef = B81EC624252016BF003A602F /* MenuViewController.swift */; };
		B81EC62925201D73003A602F /* SlideInTransition.swift in Sources */ = {isa = PBXBuildFile; fileRef = B81EC62825201D73003A602F /* SlideInTransition.swift */; };
		B855E19F2555F232007FF5B2 /* ideal_raspberrypi_output.csv in Resources */ = {isa = PBXBuildFile; fileRef = B855E19E2555F232007FF5B2 /* ideal_raspberrypi_output.csv */; };
		B855E1A22555F2F4007FF5B2 /* cropDataManager.swift in Sources */ = {isa = PBXBuildFile; fileRef = B855E1A12555F2F4007FF5B2 /* cropDataManager.swift */; };
		B873C7C525291A2D00F9F940 /* droneView.xib in Resources */ = {isa = PBXBuildFile; fileRef = B873C7C425291A2D00F9F940 /* droneView.xib */; };
		B873C7C925291B3A00F9F940 /* droneView.swift in Sources */ = {isa = PBXBuildFile; fileRef = B873C7C825291B3A00F9F940 /* droneView.swift */; };
		B89FF86825578A2E000397D7 /* datasetnew.csv in Resources */ = {isa = PBXBuildFile; fileRef = B89FF86725578A2E000397D7 /* datasetnew.csv */; };
		B8AB6B29251E4919005BF38F /* AppDelegate.swift in Sources */ = {isa = PBXBuildFile; fileRef = B8AB6B28251E4919005BF38F /* AppDelegate.swift */; };
		B8AB6B2B251E4919005BF38F /* SceneDelegate.swift in Sources */ = {isa = PBXBuildFile; fileRef = B8AB6B2A251E4919005BF38F /* SceneDelegate.swift */; };
		B8AB6B2D251E4919005BF38F /* HomeViewController.swift in Sources */ = {isa = PBXBuildFile; fileRef = B8AB6B2C251E4919005BF38F /* HomeViewController.swift */; };
		B8AB6B30251E4919005BF38F /* Main.storyboard in Resources */ = {isa = PBXBuildFile; fileRef = B8AB6B2E251E4919005BF38F /* Main.storyboard */; };
		B8AB6B32251E491A005BF38F /* Assets.xcassets in Resources */ = {isa = PBXBuildFile; fileRef = B8AB6B31251E491A005BF38F /* Assets.xcassets */; };
		B8AB6B35251E491A005BF38F /* LaunchScreen.storyboard in Resources */ = {isa = PBXBuildFile; fileRef = B8AB6B33251E491A005BF38F /* LaunchScreen.storyboard */; };
		B8B5B80C2532960300B59541 /* markerData.swift in Sources */ = {isa = PBXBuildFile; fileRef = B8B5B80B2532960300B59541 /* markerData.swift */; };
		B8F3D9182550A23B005F67A0 /* cropView.xib in Resources */ = {isa = PBXBuildFile; fileRef = B8F3D9172550A23B005F67A0 /* cropView.xib */; };
		B8F3D91B2550A25D005F67A0 /* cropView.swift in Sources */ = {isa = PBXBuildFile; fileRef = B8F3D91A2550A25D005F67A0 /* cropView.swift */; };
/* End PBXBuildFile section */

/* Begin PBXFileReference section */
		14A6B1E7C650F8B9155390DE /* Pods-cropTriage.debug.xcconfig */ = {isa = PBXFileReference; includeInIndex = 1; lastKnownFileType = text.xcconfig; name = "Pods-cropTriage.debug.xcconfig"; path = "Target Support Files/Pods-cropTriage/Pods-cropTriage.debug.xcconfig"; sourceTree = "<group>"; };
		765D2F90DB00C47CBC81050E /* Pods-cropTriage.release.xcconfig */ = {isa = PBXFileReference; includeInIndex = 1; lastKnownFileType = text.xcconfig; name = "Pods-cropTriage.release.xcconfig"; path = "Target Support Files/Pods-cropTriage/Pods-cropTriage.release.xcconfig"; sourceTree = "<group>"; };
		B81A4B9F2546002A0087C4F9 /* droneViewMapDelegate.swift */ = {isa = PBXFileReference; lastKnownFileType = sourcecode.swift; path = droneViewMapDelegate.swift; sourceTree = "<group>"; };
		B81EC624252016BF003A602F /* MenuViewController.swift */ = {isa = PBXFileReference; lastKnownFileType = sourcecode.swift; path = MenuViewController.swift; sourceTree = "<group>"; };
		B81EC62825201D73003A602F /* SlideInTransition.swift */ = {isa = PBXFileReference; lastKnownFileType = sourcecode.swift; path = SlideInTransition.swift; sourceTree = "<group>"; };
		B855E19E2555F232007FF5B2 /* ideal_raspberrypi_output.csv */ = {isa = PBXFileReference; fileEncoding = 4; lastKnownFileType = text; path = ideal_raspberrypi_output.csv; sourceTree = "<group>"; };
		B855E1A12555F2F4007FF5B2 /* cropDataManager.swift */ = {isa = PBXFileReference; lastKnownFileType = sourcecode.swift; path = cropDataManager.swift; sourceTree = "<group>"; };
		B873C7C425291A2D00F9F940 /* droneView.xib */ = {isa = PBXFileReference; lastKnownFileType = file.xib; path = droneView.xib; sourceTree = "<group>"; };
		B873C7C825291B3A00F9F940 /* droneView.swift */ = {isa = PBXFileReference; lastKnownFileType = sourcecode.swift; path = droneView.swift; sourceTree = "<group>"; };
		B89FF86725578A2E000397D7 /* datasetnew.csv */ = {isa = PBXFileReference; lastKnownFileType = file; path = datasetnew.csv; sourceTree = SOURCE_ROOT; };
		B8AB6B25251E4919005BF38F /* cropTriage.app */ = {isa = PBXFileReference; explicitFileType = wrapper.application; includeInIndex = 0; path = cropTriage.app; sourceTree = BUILT_PRODUCTS_DIR; };
		B8AB6B28251E4919005BF38F /* AppDelegate.swift */ = {isa = PBXFileReference; lastKnownFileType = sourcecode.swift; path = AppDelegate.swift; sourceTree = "<group>"; };
		B8AB6B2A251E4919005BF38F /* SceneDelegate.swift */ = {isa = PBXFileReference; lastKnownFileType = sourcecode.swift; path = SceneDelegate.swift; sourceTree = "<group>"; };
		B8AB6B2C251E4919005BF38F /* HomeViewController.swift */ = {isa = PBXFileReference; lastKnownFileType = sourcecode.swift; path = HomeViewController.swift; sourceTree = "<group>"; };
		B8AB6B2F251E4919005BF38F /* Base */ = {isa = PBXFileReference; lastKnownFileType = file.storyboard; name = Base; path = Base.lproj/Main.storyboard; sourceTree = "<group>"; };
		B8AB6B31251E491A005BF38F /* Assets.xcassets */ = {isa = PBXFileReference; lastKnownFileType = folder.assetcatalog; path = Assets.xcassets; sourceTree = "<group>"; };
		B8AB6B34251E491A005BF38F /* Base */ = {isa = PBXFileReference; lastKnownFileType = file.storyboard; name = Base; path = Base.lproj/LaunchScreen.storyboard; sourceTree = "<group>"; };
		B8AB6B36251E491A005BF38F /* Info.plist */ = {isa = PBXFileReference; lastKnownFileType = text.plist.xml; path = Info.plist; sourceTree = "<group>"; };
		B8B5B80B2532960300B59541 /* markerData.swift */ = {isa = PBXFileReference; lastKnownFileType = sourcecode.swift; path = markerData.swift; sourceTree = "<group>"; };
		B8F3D9172550A23B005F67A0 /* cropView.xib */ = {isa = PBXFileReference; lastKnownFileType = file.xib; path = cropView.xib; sourceTree = "<group>"; };
		B8F3D91A2550A25D005F67A0 /* cropView.swift */ = {isa = PBXFileReference; lastKnownFileType = sourcecode.swift; path = cropView.swift; sourceTree = "<group>"; };
		EF0EBEA5320D00EF79A5EE13 /* Pods_cropTriage.framework */ = {isa = PBXFileReference; explicitFileType = wrapper.framework; includeInIndex = 0; path = Pods_cropTriage.framework; sourceTree = BUILT_PRODUCTS_DIR; };
/* End PBXFileReference section */

/* Begin PBXFrameworksBuildPhase section */
		B8AB6B22251E4919005BF38F /* Frameworks */ = {
			isa = PBXFrameworksBuildPhase;
			buildActionMask = 2147483647;
			files = (
				453600902E43EE161C17E44A /* Pods_cropTriage.framework in Frameworks */,
			);
			runOnlyForDeploymentPostprocessing = 0;
		};
/* End PBXFrameworksBuildPhase section */

/* Begin PBXGroup section */
		36333BDCAC1459F75F430FD3 /* Frameworks */ = {
			isa = PBXGroup;
			children = (
				EF0EBEA5320D00EF79A5EE13 /* Pods_cropTriage.framework */,
			);
			name = Frameworks;
			sourceTree = "<group>";
		};
		9C5A791A1BEFCAB6254B26E3 /* Pods */ = {
			isa = PBXGroup;
			children = (
				14A6B1E7C650F8B9155390DE /* Pods-cropTriage.debug.xcconfig */,
				765D2F90DB00C47CBC81050E /* Pods-cropTriage.release.xcconfig */,
			);
			path = Pods;
			sourceTree = "<group>";
		};
		B8AB6B1C251E4919005BF38F = {
			isa = PBXGroup;
			children = (
				B8AB6B27251E4919005BF38F /* cropTriage */,
				B8AB6B26251E4919005BF38F /* Products */,
				9C5A791A1BEFCAB6254B26E3 /* Pods */,
				36333BDCAC1459F75F430FD3 /* Frameworks */,
			);
			sourceTree = "<group>";
		};
		B8AB6B26251E4919005BF38F /* Products */ = {
			isa = PBXGroup;
			children = (
				B8AB6B25251E4919005BF38F /* cropTriage.app */,
			);
			name = Products;
			sourceTree = "<group>";
		};
		B8AB6B27251E4919005BF38F /* cropTriage */ = {
			isa = PBXGroup;
			children = (
				B855E19E2555F232007FF5B2 /* ideal_raspberrypi_output.csv */,
				B89FF86725578A2E000397D7 /* datasetnew.csv */,
				B8AB6B36251E491A005BF38F /* Info.plist */,
				B8AB6B28251E4919005BF38F /* AppDelegate.swift */,
				B81EC624252016BF003A602F /* MenuViewController.swift */,
				B8AB6B2A251E4919005BF38F /* SceneDelegate.swift */,
				B8AB6B31251E491A005BF38F /* Assets.xcassets */,
				B8AB6B33251E491A005BF38F /* LaunchScreen.storyboard */,
				B8AB6B2E251E4919005BF38F /* Main.storyboard */,
				B8AB6B2C251E4919005BF38F /* HomeViewController.swift */,
				B873C7C425291A2D00F9F940 /* droneView.xib */,
				B8B5B80B2532960300B59541 /* markerData.swift */,
				B873C7C825291B3A00F9F940 /* droneView.swift */,
				B81A4B9F2546002A0087C4F9 /* droneViewMapDelegate.swift */,
				B81EC62825201D73003A602F /* SlideInTransition.swift */,
				B8F3D9172550A23B005F67A0 /* cropView.xib */,
				B8F3D91A2550A25D005F67A0 /* cropView.swift */,
				B855E1A12555F2F4007FF5B2 /* cropDataManager.swift */,
			);
			path = cropTriage;
			sourceTree = "<group>";
		};
/* End PBXGroup section */

/* Begin PBXNativeTarget section */
		B8AB6B24251E4919005BF38F /* cropTriage */ = {
			isa = PBXNativeTarget;
			buildConfigurationList = B8AB6B39251E491A005BF38F /* Build configuration list for PBXNativeTarget "cropTriage" */;
			buildPhases = (
				B0D586972FAEBDD7E9179B89 /* [CP] Check Pods Manifest.lock */,
				B8AB6B21251E4919005BF38F /* Sources */,
				B8AB6B22251E4919005BF38F /* Frameworks */,
				B8AB6B23251E4919005BF38F /* Resources */,
				FDEB4B66F8B1F4E3CF6F6228 /* [CP] Embed Pods Frameworks */,
			);
			buildRules = (
			);
			dependencies = (
			);
			name = cropTriage;
			productName = cropTriage;
			productReference = B8AB6B25251E4919005BF38F /* cropTriage.app */;
			productType = "com.apple.product-type.application";
		};
/* End PBXNativeTarget section */

/* Begin PBXProject section */
		B8AB6B1D251E4919005BF38F /* Project object */ = {
			isa = PBXProject;
			attributes = {
				LastSwiftUpdateCheck = 1200;
				LastUpgradeCheck = 1200;
				TargetAttributes = {
					B8AB6B24251E4919005BF38F = {
						CreatedOnToolsVersion = 12.0;
					};
				};
			};
			buildConfigurationList = B8AB6B20251E4919005BF38F /* Build configuration list for PBXProject "cropTriage" */;
			compatibilityVersion = "Xcode 9.3";
			developmentRegion = en;
			hasScannedForEncodings = 0;
			knownRegions = (
				en,
				Base,
			);
			mainGroup = B8AB6B1C251E4919005BF38F;
			productRefGroup = B8AB6B26251E4919005BF38F /* Products */;
			projectDirPath = "";
			projectRoot = "";
			targets = (
				B8AB6B24251E4919005BF38F /* cropTriage */,
			);
		};
/* End PBXProject section */

/* Begin PBXResourcesBuildPhase section */
		B8AB6B23251E4919005BF38F /* Resources */ = {
			isa = PBXResourcesBuildPhase;
			buildActionMask = 2147483647;
			files = (
				B8AB6B35251E491A005BF38F /* LaunchScreen.storyboard in Resources */,
				B873C7C525291A2D00F9F940 /* droneView.xib in Resources */,
				B89FF86825578A2E000397D7 /* datasetnew.csv in Resources */,
				B8AB6B32251E491A005BF38F /* Assets.xcassets in Resources */,
				B855E19F2555F232007FF5B2 /* ideal_raspberrypi_output.csv in Resources */,
				B8AB6B30251E4919005BF38F /* Main.storyboard in Resources */,
				B8F3D9182550A23B005F67A0 /* cropView.xib in Resources */,
			);
			runOnlyForDeploymentPostprocessing = 0;
		};
/* End PBXResourcesBuildPhase section */

/* Begin PBXShellScriptBuildPhase section */
		B0D586972FAEBDD7E9179B89 /* [CP] Check Pods Manifest.lock */ = {
			isa = PBXShellScriptBuildPhase;
			buildActionMask = 2147483647;
			files = (
			);
			inputFileListPaths = (
			);
			inputPaths = (
				"${PODS_PODFILE_DIR_PATH}/Podfile.lock",
				"${PODS_ROOT}/Manifest.lock",
			);
			name = "[CP] Check Pods Manifest.lock";
			outputFileListPaths = (
			);
			outputPaths = (
				"$(DERIVED_FILE_DIR)/Pods-cropTriage-checkManifestLockResult.txt",
			);
			runOnlyForDeploymentPostprocessing = 0;
			shellPath = /bin/sh;
			shellScript = "diff \"${PODS_PODFILE_DIR_PATH}/Podfile.lock\" \"${PODS_ROOT}/Manifest.lock\" > /dev/null\nif [ $? != 0 ] ; then\n    # print error to STDERR\n    echo \"error: The sandbox is not in sync with the Podfile.lock. Run 'pod install' or update your CocoaPods installation.\" >&2\n    exit 1\nfi\n# This output is used by Xcode 'outputs' to avoid re-running this script phase.\necho \"SUCCESS\" > \"${SCRIPT_OUTPUT_FILE_0}\"\n";
			showEnvVarsInLog = 0;
		};
		FDEB4B66F8B1F4E3CF6F6228 /* [CP] Embed Pods Frameworks */ = {
			isa = PBXShellScriptBuildPhase;
			buildActionMask = 2147483647;
			files = (
			);
			inputFileListPaths = (
				"${PODS_ROOT}/Target Support Files/Pods-cropTriage/Pods-cropTriage-frameworks-${CONFIGURATION}-input-files.xcfilelist",
			);
			name = "[CP] Embed Pods Frameworks";
			outputFileListPaths = (
				"${PODS_ROOT}/Target Support Files/Pods-cropTriage/Pods-cropTriage-frameworks-${CONFIGURATION}-output-files.xcfilelist",
			);
			runOnlyForDeploymentPostprocessing = 0;
			shellPath = /bin/sh;
			shellScript = "\"${PODS_ROOT}/Target Support Files/Pods-cropTriage/Pods-cropTriage-frameworks.sh\"\n";
			showEnvVarsInLog = 0;
		};
/* End PBXShellScriptBuildPhase section */

/* Begin PBXSourcesBuildPhase section */
		B8AB6B21251E4919005BF38F /* Sources */ = {
			isa = PBXSourcesBuildPhase;
			buildActionMask = 2147483647;
			files = (
				B855E1A22555F2F4007FF5B2 /* cropDataManager.swift in Sources */,
				B8AB6B2D251E4919005BF38F /* HomeViewController.swift in Sources */,
				B81A4BA02546002A0087C4F9 /* droneViewMapDelegate.swift in Sources */,
				B8AB6B29251E4919005BF38F /* AppDelegate.swift in Sources */,
				B8AB6B2B251E4919005BF38F /* SceneDelegate.swift in Sources */,
				B8F3D91B2550A25D005F67A0 /* cropView.swift in Sources */,
				B81EC625252016BF003A602F /* MenuViewController.swift in Sources */,
				B8B5B80C2532960300B59541 /* markerData.swift in Sources */,
				B81EC62925201D73003A602F /* SlideInTransition.swift in Sources */,
				B873C7C925291B3A00F9F940 /* droneView.swift in Sources */,
			);
			runOnlyForDeploymentPostprocessing = 0;
		};
/* End PBXSourcesBuildPhase section */

/* Begin PBXVariantGroup section */
		B8AB6B2E251E4919005BF38F /* Main.storyboard */ = {
			isa = PBXVariantGroup;
			children = (
				B8AB6B2F251E4919005BF38F /* Base */,
			);
			name = Main.storyboard;
			sourceTree = "<group>";
		};
		B8AB6B33251E491A005BF38F /* LaunchScreen.storyboard */ = {
			isa = PBXVariantGroup;
			children = (
				B8AB6B34251E491A005BF38F /* Base */,
			);
			name = LaunchScreen.storyboard;
			sourceTree = "<group>";
		};
/* End PBXVariantGroup section */

/* Begin XCBuildConfiguration section */
		B8AB6B37251E491A005BF38F /* Debug */ = {
			isa = XCBuildConfiguration;
			buildSettings = {
				ALWAYS_SEARCH_USER_PATHS = NO;
				CLANG_ANALYZER_NONNULL = YES;
				CLANG_ANALYZER_NUMBER_OBJECT_CONVERSION = YES_AGGRESSIVE;
				CLANG_CXX_LANGUAGE_STANDARD = "gnu++14";
				CLANG_CXX_LIBRARY = "libc++";
				CLANG_ENABLE_MODULES = YES;
				CLANG_ENABLE_OBJC_ARC = YES;
				CLANG_ENABLE_OBJC_WEAK = YES;
				CLANG_WARN_BLOCK_CAPTURE_AUTORELEASING = YES;
				CLANG_WARN_BOOL_CONVERSION = YES;
				CLANG_WARN_COMMA = YES;
				CLANG_WARN_CONSTANT_CONVERSION = YES;
				CLANG_WARN_DEPRECATED_OBJC_IMPLEMENTATIONS = YES;
				CLANG_WARN_DIRECT_OBJC_ISA_USAGE = YES_ERROR;
				CLANG_WARN_DOCUMENTATION_COMMENTS = YES;
				CLANG_WARN_EMPTY_BODY = YES;
				CLANG_WARN_ENUM_CONVERSION = YES;
				CLANG_WARN_INFINITE_RECURSION = YES;
				CLANG_WARN_INT_CONVERSION = YES;
				CLANG_WARN_NON_LITERAL_NULL_CONVERSION = YES;
				CLANG_WARN_OBJC_IMPLICIT_RETAIN_SELF = YES;
				CLANG_WARN_OBJC_LITERAL_CONVERSION = YES;
				CLANG_WARN_OBJC_ROOT_CLASS = YES_ERROR;
				CLANG_WARN_QUOTED_INCLUDE_IN_FRAMEWORK_HEADER = YES;
				CLANG_WARN_RANGE_LOOP_ANALYSIS = YES;
				CLANG_WARN_STRICT_PROTOTYPES = YES;
				CLANG_WARN_SUSPICIOUS_MOVE = YES;
				CLANG_WARN_UNGUARDED_AVAILABILITY = YES_AGGRESSIVE;
				CLANG_WARN_UNREACHABLE_CODE = YES;
				CLANG_WARN__DUPLICATE_METHOD_MATCH = YES;
				COPY_PHASE_STRIP = NO;
				DEBUG_INFORMATION_FORMAT = dwarf;
				ENABLE_STRICT_OBJC_MSGSEND = YES;
				ENABLE_TESTABILITY = YES;
				"FRAMEWORK_SEARCH_PATHS[arch=*]" = "$HOME/swift/cropTriage/Pods/Charts/**";
				GCC_C_LANGUAGE_STANDARD = gnu11;
				GCC_DYNAMIC_NO_PIC = NO;
				GCC_NO_COMMON_BLOCKS = YES;
				GCC_OPTIMIZATION_LEVEL = 0;
				GCC_PREPROCESSOR_DEFINITIONS = (
					"DEBUG=1",
					"$(inherited)",
				);
				GCC_WARN_64_TO_32_BIT_CONVERSION = YES;
				GCC_WARN_ABOUT_RETURN_TYPE = YES_ERROR;
				GCC_WARN_UNDECLARED_SELECTOR = YES;
				GCC_WARN_UNINITIALIZED_AUTOS = YES_AGGRESSIVE;
				GCC_WARN_UNUSED_FUNCTION = YES;
				GCC_WARN_UNUSED_VARIABLE = YES;
				IPHONEOS_DEPLOYMENT_TARGET = 14.0;
				MTL_ENABLE_DEBUG_INFO = INCLUDE_SOURCE;
				MTL_FAST_MATH = YES;
				ONLY_ACTIVE_ARCH = YES;
				SDKROOT = iphoneos;
				SWIFT_ACTIVE_COMPILATION_CONDITIONS = DEBUG;
				SWIFT_OPTIMIZATION_LEVEL = "-Onone";
			};
			name = Debug;
		};
		B8AB6B38251E491A005BF38F /* Release */ = {
			isa = XCBuildConfiguration;
			buildSettings = {
				ALWAYS_SEARCH_USER_PATHS = NO;
				CLANG_ANALYZER_NONNULL = YES;
				CLANG_ANALYZER_NUMBER_OBJECT_CONVERSION = YES_AGGRESSIVE;
				CLANG_CXX_LANGUAGE_STANDARD = "gnu++14";
				CLANG_CXX_LIBRARY = "libc++";
				CLANG_ENABLE_MODULES = YES;
				CLANG_ENABLE_OBJC_ARC = YES;
				CLANG_ENABLE_OBJC_WEAK = YES;
				CLANG_WARN_BLOCK_CAPTURE_AUTORELEASING = YES;
				CLANG_WARN_BOOL_CONVERSION = YES;
				CLANG_WARN_COMMA = YES;
				CLANG_WARN_CONSTANT_CONVERSION = YES;
				CLANG_WARN_DEPRECATED_OBJC_IMPLEMENTATIONS = YES;
				CLANG_WARN_DIRECT_OBJC_ISA_USAGE = YES_ERROR;
				CLANG_WARN_DOCUMENTATION_COMMENTS = YES;
				CLANG_WARN_EMPTY_BODY = YES;
				CLANG_WARN_ENUM_CONVERSION = YES;
				CLANG_WARN_INFINITE_RECURSION = YES;
				CLANG_WARN_INT_CONVERSION = YES;
				CLANG_WARN_NON_LITERAL_NULL_CONVERSION = YES;
				CLANG_WARN_OBJC_IMPLICIT_RETAIN_SELF = YES;
				CLANG_WARN_OBJC_LITERAL_CONVERSION = YES;
				CLANG_WARN_OBJC_ROOT_CLASS = YES_ERROR;
				CLANG_WARN_QUOTED_INCLUDE_IN_FRAMEWORK_HEADER = YES;
				CLANG_WARN_RANGE_LOOP_ANALYSIS = YES;
				CLANG_WARN_STRICT_PROTOTYPES = YES;
				CLANG_WARN_SUSPICIOUS_MOVE = YES;
				CLANG_WARN_UNGUARDED_AVAILABILITY = YES_AGGRESSIVE;
				CLANG_WARN_UNREACHABLE_CODE = YES;
				CLANG_WARN__DUPLICATE_METHOD_MATCH = YES;
				COPY_PHASE_STRIP = NO;
				DEBUG_INFORMATION_FORMAT = "dwarf-with-dsym";
				ENABLE_NS_ASSERTIONS = NO;
				ENABLE_STRICT_OBJC_MSGSEND = YES;
				FRAMEWORK_SEARCH_PATHS = "$(inherited)/**";
				GCC_C_LANGUAGE_STANDARD = gnu11;
				GCC_NO_COMMON_BLOCKS = YES;
				GCC_WARN_64_TO_32_BIT_CONVERSION = YES;
				GCC_WARN_ABOUT_RETURN_TYPE = YES_ERROR;
				GCC_WARN_UNDECLARED_SELECTOR = YES;
				GCC_WARN_UNINITIALIZED_AUTOS = YES_AGGRESSIVE;
				GCC_WARN_UNUSED_FUNCTION = YES;
				GCC_WARN_UNUSED_VARIABLE = YES;
				IPHONEOS_DEPLOYMENT_TARGET = 14.0;
				MTL_ENABLE_DEBUG_INFO = NO;
				MTL_FAST_MATH = YES;
				SDKROOT = iphoneos;
				SWIFT_COMPILATION_MODE = wholemodule;
				SWIFT_OPTIMIZATION_LEVEL = "-O";
				VALIDATE_PRODUCT = YES;
			};
			name = Release;
		};
		B8AB6B3A251E491A005BF38F /* Debug */ = {
			isa = XCBuildConfiguration;
			baseConfigurationReference = 14A6B1E7C650F8B9155390DE /* Pods-cropTriage.debug.xcconfig */;
			buildSettings = {
				ASSETCATALOG_COMPILER_APPICON_NAME = AppIcon;
				ASSETCATALOG_COMPILER_GLOBAL_ACCENT_COLOR_NAME = AccentColor;
				CODE_SIGN_STYLE = Automatic;
				DEVELOPMENT_TEAM = BJYLLF9WA4;
				INFOPLIST_FILE = cropTriage/Info.plist;
				LD_RUNPATH_SEARCH_PATHS = (
					"$(inherited)",
					"@executable_path/Frameworks",
				);
				PRODUCT_BUNDLE_IDENTIFIER = com.blakecarr.cropTriage;
				PRODUCT_NAME = "$(TARGET_NAME)";
				SWIFT_VERSION = 5.0;
				TARGETED_DEVICE_FAMILY = "1,2";
			};
			name = Debug;
		};
		B8AB6B3B251E491A005BF38F /* Release */ = {
			isa = XCBuildConfiguration;
			baseConfigurationReference = 765D2F90DB00C47CBC81050E /* Pods-cropTriage.release.xcconfig */;
			buildSettings = {
				ASSETCATALOG_COMPILER_APPICON_NAME = AppIcon;
				ASSETCATALOG_COMPILER_GLOBAL_ACCENT_COLOR_NAME = AccentColor;
				CODE_SIGN_STYLE = Automatic;
				DEVELOPMENT_TEAM = BJYLLF9WA4;
				INFOPLIST_FILE = cropTriage/Info.plist;
				LD_RUNPATH_SEARCH_PATHS = (
					"$(inherited)",
					"@executable_path/Frameworks",
				);
				PRODUCT_BUNDLE_IDENTIFIER = com.blakecarr.cropTriage;
				PRODUCT_NAME = "$(TARGET_NAME)";
				SWIFT_VERSION = 5.0;
				TARGETED_DEVICE_FAMILY = "1,2";
			};
			name = Release;
		};
/* End XCBuildConfiguration section */

/* Begin XCConfigurationList section */
		B8AB6B20251E4919005BF38F /* Build configuration list for PBXProject "cropTriage" */ = {
			isa = XCConfigurationList;
			buildConfigurations = (
				B8AB6B37251E491A005BF38F /* Debug */,
				B8AB6B38251E491A005BF38F /* Release */,
			);
			defaultConfigurationIsVisible = 0;
			defaultConfigurationName = Release;
		};
		B8AB6B39251E491A005BF38F /* Build configuration list for PBXNativeTarget "cropTriage" */ = {
			isa = XCConfigurationList;
			buildConfigurations = (
				B8AB6B3A251E491A005BF38F /* Debug */,
				B8AB6B3B251E491A005BF38F /* Release */,
			);
			defaultConfigurationIsVisible = 0;
			defaultConfigurationName = Release;
		};
/* End XCConfigurationList section */
	};
	rootObject = B8AB6B1D251E4919005BF38F /* Project object */;
}
